
Microsoft Visual Studio Solution File, Format Version 12.00
# Visual Studio Version 16
VisualStudioVersion = 16.0.29709.97
MinimumVisualStudioVersion = 10.0.40219.1
Project("{FAE04EC0-301F-11D3-BF4B-00C04F79EFBC}") = "IPcam", "IPcam.csproj", "{6B3C4BD6-3B4F-4982-A408-45AE83014D20}"
EndProject
Global
	GlobalSection(SolutionConfigurationPlatforms) = preSolution
		Debug|Any CPU = Debug|Any CPU
		Release|Any CPU = Release|Any CPU
	EndGlobalSection
	GlobalSection(ProjectConfigurationPlatforms) = postSolution
		{6B3C4BD6-3B4F-4982-A408-45AE83014D20}.Debug|Any CPU.ActiveCfg = Debug|Any CPU
		{6B3C4BD6-3B4F-4982-A408-45AE83014D20}.Debug|Any CPU.Build.0 = Debug|Any CPU
		{6B3C4BD6-3B4F-4982-A408-45AE83014D20}.Release|Any CPU.ActiveCfg = Release|Any CPU
		{6B3C4BD6-3B4F-4982-A408-45AE83014D20}.Release|Any CPU.Build.0 = Release|Any CPU
	EndGlobalSection
	GlobalSection(SolutionProperties) = preSolution
		HideSolutionNode = FALSE
	EndGlobalSection
	GlobalSection(ExtensibilityGlobals) = postSolution
		SolutionGuid = {8FD445D8-4FD9-49EF-9C4A-9E50FDE1F4C0}
	EndGlobalSection
EndGlobal
